// !$*UTF8*$!
{
	archiveVersion = 1;
	classes = {
	};
	objectVersion = 56;
	objects = {

/* Begin PBXBuildFile section */
		772BE4DD28871B1A0006B604 /* landmarkData.json in Resources */ = {isa = PBXBuildFile; fileRef = 772BE4DC28871B1A0006B604 /* landmarkData.json */; };
		772BE4E128872CFE0006B604 /* Landmarks.swift in Sources */ = {isa = PBXBuildFile; fileRef = 772BE4E028872CFE0006B604 /* Landmarks.swift */; };
		772BE4E32887358F0006B604 /* ModelData.swift in Sources */ = {isa = PBXBuildFile; fileRef = 772BE4E22887358F0006B604 /* ModelData.swift */; };
		7789466828885E5400CDAAB9 /* LandmarkList.swift in Sources */ = {isa = PBXBuildFile; fileRef = 7789466728885E5400CDAAB9 /* LandmarkList.swift */; };
		77BDC8B028874A5A00DED6A5 /* LandmarkRow.swift in Sources */ = {isa = PBXBuildFile; fileRef = 77BDC8AF28874A5A00DED6A5 /* LandmarkRow.swift */; };
		77BDC8B228874FD300DED6A5 /* LandmarkList.swift in Sources */ = {isa = PBXBuildFile; fileRef = 77BDC8B128874FD300DED6A5 /* LandmarkList.swift */; };
		77BDC8B4288752BD00DED6A5 /* LandmarkDetail.swift in Sources */ = {isa = PBXBuildFile; fileRef = 77BDC8B3288752BD00DED6A5 /* LandmarkDetail.swift */; };
		77C18BB428852FDA00447BAC /* firstappApp.swift in Sources */ = {isa = PBXBuildFile; fileRef = 77C18BB328852FDA00447BAC /* firstappApp.swift */; };
		77C18BB628852FDA00447BAC /* ContentView.swift in Sources */ = {isa = PBXBuildFile; fileRef = 77C18BB528852FDA00447BAC /* ContentView.swift */; };
		77C18BB828852FDF00447BAC /* Assets.xcassets in Resources */ = {isa = PBXBuildFile; fileRef = 77C18BB728852FDF00447BAC /* Assets.xcassets */; };
		77C18BBB28852FDF00447BAC /* Preview Assets.xcassets in Resources */ = {isa = PBXBuildFile; fileRef = 77C18BBA28852FDF00447BAC /* Preview Assets.xcassets */; };
		77C894C92886E79E002AFA2D /* CircleImage.swift in Sources */ = {isa = PBXBuildFile; fileRef = 77C894C82886E79E002AFA2D /* CircleImage.swift */; };
		77C894CB2886EC55002AFA2D /* MapView.swift in Sources */ = {isa = PBXBuildFile; fileRef = 77C894CA2886EC55002AFA2D /* MapView.swift */; };
/* End PBXBuildFile section */

/* Begin PBXFileReference section */
		772BE4DC28871B1A0006B604 /* landmarkData.json */ = {isa = PBXFileReference; fileEncoding = 4; lastKnownFileType = text.json; path = landmarkData.json; sourceTree = "<group>"; };
		772BE4E028872CFE0006B604 /* Landmarks.swift */ = {isa = PBXFileReference; lastKnownFileType = sourcecode.swift; path = Landmarks.swift; sourceTree = "<group>"; };
		772BE4E22887358F0006B604 /* ModelData.swift */ = {isa = PBXFileReference; lastKnownFileType = sourcecode.swift; path = ModelData.swift; sourceTree = "<group>"; };
		7789466728885E5400CDAAB9 /* LandmarkList.swift */ = {isa = PBXFileReference; fileEncoding = 4; lastKnownFileType = sourcecode.swift; path = LandmarkList.swift; sourceTree = "<group>"; };
		77BDC8AF28874A5A00DED6A5 /* LandmarkRow.swift */ = {isa = PBXFileReference; lastKnownFileType = sourcecode.swift; path = LandmarkRow.swift; sourceTree = "<group>"; };
		77BDC8B128874FD300DED6A5 /* LandmarkList.swift */ = {isa = PBXFileReference; lastKnownFileType = sourcecode.swift; path = LandmarkList.swift; sourceTree = "<group>"; };
		77BDC8B3288752BD00DED6A5 /* LandmarkDetail.swift */ = {isa = PBXFileReference; lastKnownFileType = sourcecode.swift; path = LandmarkDetail.swift; sourceTree = "<group>"; };
		77C18BB028852FDA00447BAC /* firstapp.app */ = {isa = PBXFileReference; explicitFileType = wrapper.application; includeInIndex = 0; path = firstapp.app; sourceTree = BUILT_PRODUCTS_DIR; };
		77C18BB328852FDA00447BAC /* firstappApp.swift */ = {isa = PBXFileReference; lastKnownFileType = sourcecode.swift; path = firstappApp.swift; sourceTree = "<group>"; };
		77C18BB528852FDA00447BAC /* ContentView.swift */ = {isa = PBXFileReference; lastKnownFileType = sourcecode.swift; path = ContentView.swift; sourceTree = "<group>"; };
		77C18BB728852FDF00447BAC /* Assets.xcassets */ = {isa = PBXFileReference; lastKnownFileType = folder.assetcatalog; path = Assets.xcassets; sourceTree = "<group>"; };
		77C18BBA28852FDF00447BAC /* Preview Assets.xcassets */ = {isa = PBXFileReference; lastKnownFileType = folder.assetcatalog; path = "Preview Assets.xcassets"; sourceTree = "<group>"; };
		77C894C82886E79E002AFA2D /* CircleImage.swift */ = {isa = PBXFileReference; lastKnownFileType = sourcecode.swift; path = CircleImage.swift; sourceTree = "<group>"; };
		77C894CA2886EC55002AFA2D /* MapView.swift */ = {isa = PBXFileReference; lastKnownFileType = sourcecode.swift; path = MapView.swift; sourceTree = "<group>"; };
/* End PBXFileReference section */

/* Begin PBXFrameworksBuildPhase section */
		77C18BAD28852FDA00447BAC /* Frameworks */ = {
			isa = PBXFrameworksBuildPhase;
			buildActionMask = 2147483647;
			files = (
			);
			runOnlyForDeploymentPostprocessing = 0;
		};
/* End PBXFrameworksBuildPhase section */

/* Begin PBXGroup section */
		772BE4E4288742DE0006B604 /* views */ = {
			isa = PBXGroup;
			children = (
				77C18BB528852FDA00447BAC /* ContentView.swift */,
				77BDC8B128874FD300DED6A5 /* LandmarkList.swift */,
				7789466728885E5400CDAAB9 /* LandmarkList.swift */,
				77C894C82886E79E002AFA2D /* CircleImage.swift */,
				77BDC8AF28874A5A00DED6A5 /* LandmarkRow.swift */,
				77BDC8B3288752BD00DED6A5 /* LandmarkDetail.swift */,
				77C894CA2886EC55002AFA2D /* MapView.swift */,
			);
			path = views;
			sourceTree = "<group>";
		};
		772BE4E62887445A0006B604 /* resources */ = {
			isa = PBXGroup;
			children = (
				772BE4DC28871B1A0006B604 /* landmarkData.json */,
			);
			path = resources;
			sourceTree = "<group>";
		};
		772BE4E72887447F0006B604 /* model */ = {
			isa = PBXGroup;
			children = (
				772BE4E028872CFE0006B604 /* Landmarks.swift */,
				772BE4E22887358F0006B604 /* ModelData.swift */,
			);
			path = model;
			sourceTree = "<group>";
		};
		77C18BA728852FDA00447BAC = {
			isa = PBXGroup;
			children = (
				77C18BB228852FDA00447BAC /* firstapp */,
				77C18BB128852FDA00447BAC /* Products */,
			);
			sourceTree = "<group>";
		};
		77C18BB128852FDA00447BAC /* Products */ = {
			isa = PBXGroup;
			children = (
				77C18BB028852FDA00447BAC /* firstapp.app */,
			);
			name = Products;
			sourceTree = "<group>";
		};
		77C18BB228852FDA00447BAC /* firstapp */ = {
			isa = PBXGroup;
			children = (
				77C18BB328852FDA00447BAC /* firstappApp.swift */,
				77C18BB728852FDF00447BAC /* Assets.xcassets */,
				772BE4E72887447F0006B604 /* model */,
				772BE4E4288742DE0006B604 /* views */,
				77C18BB928852FDF00447BAC /* Preview Content */,
			);
			path = firstapp;
			sourceTree = "<group>";
		};
		77C18BB928852FDF00447BAC /* Preview Content */ = {
			isa = PBXGroup;
			children = (
				772BE4E62887445A0006B604 /* resources */,
				77C18BBA28852FDF00447BAC /* Preview Assets.xcassets */,
			);
			path = "Preview Content";
			sourceTree = "<group>";
		};
/* End PBXGroup section */

/* Begin PBXNativeTarget section */
		77C18BAF28852FDA00447BAC /* firstapp */ = {
			isa = PBXNativeTarget;
			buildConfigurationList = 77C18BBE28852FDF00447BAC /* Build configuration list for PBXNativeTarget "firstapp" */;
			buildPhases = (
				77C18BAC28852FDA00447BAC /* Sources */,
				77C18BAD28852FDA00447BAC /* Frameworks */,
				77C18BAE28852FDA00447BAC /* Resources */,
			);
			buildRules = (
			);
			dependencies = (
			);
			name = firstapp;
			productName = firstapp;
			productReference = 77C18BB028852FDA00447BAC /* firstapp.app */;
			productType = "com.apple.product-type.application";
		};
/* End PBXNativeTarget section */

/* Begin PBXProject section */
		77C18BA828852FDA00447BAC /* Project object */ = {
			isa = PBXProject;
			attributes = {
				BuildIndependentTargetsInParallel = 1;
				LastSwiftUpdateCheck = 1400;
				LastUpgradeCheck = 1400;
				TargetAttributes = {
					77C18BAF28852FDA00447BAC = {
						CreatedOnToolsVersion = 14.0;
					};
				};
			};
			buildConfigurationList = 77C18BAB28852FDA00447BAC /* Build configuration list for PBXProject "firstapp" */;
			compatibilityVersion = "Xcode 14.0";
			developmentRegion = en;
			hasScannedForEncodings = 0;
			knownRegions = (
				en,
				Base,
			);
			mainGroup = 77C18BA728852FDA00447BAC;
			productRefGroup = 77C18BB128852FDA00447BAC /* Products */;
			projectDirPath = "";
			projectRoot = "";
			targets = (
				77C18BAF28852FDA00447BAC /* firstapp */,
			);
		};
/* End PBXProject section */

/* Begin PBXResourcesBuildPhase section */
		77C18BAE28852FDA00447BAC /* Resources */ = {
			isa = PBXResourcesBuildPhase;
			buildActionMask = 2147483647;
			files = (
				77C18BBB28852FDF00447BAC /* Preview Assets.xcassets in Resources */,
				77C18BB828852FDF00447BAC /* Assets.xcassets in Resources */,
				772BE4DD28871B1A0006B604 /* landmarkData.json in Resources */,
			);
			runOnlyForDeploymentPostprocessing = 0;
		};
/* End PBXResourcesBuildPhase section */

/* Begin PBXSourcesBuildPhase section */
		77C18BAC28852FDA00447BAC /* Sources */ = {
			isa = PBXSourcesBuildPhase;
			buildActionMask = 2147483647;
			files = (
				77C18BB628852FDA00447BAC /* ContentView.swift in Sources */,
				77C894CB2886EC55002AFA2D /* MapView.swift in Sources */,
				77C18BB428852FDA00447BAC /* firstappApp.swift in Sources */,
				77BDC8B228874FD300DED6A5 /* LandmarkList.swift in Sources */,
				77BDC8B4288752BD00DED6A5 /* LandmarkDetail.swift in Sources */,
				772BE4E128872CFE0006B604 /* Landmarks.swift in Sources */,
				77C894C92886E79E002AFA2D /* CircleImage.swift in Sources */,
				77BDC8B028874A5A00DED6A5 /* LandmarkRow.swift in Sources */,
				772BE4E32887358F0006B604 /* ModelData.swift in Sources */,
				7789466828885E5400CDAAB9 /* LandmarkList.swift in Sources */,
			);
			runOnlyForDeploymentPostprocessing = 0;
		};
/* End PBXSourcesBuildPhase section */

/* Begin XCBuildConfiguration section */
		77C18BBC28852FDF00447BAC /* Debug */ = {
			isa = XCBuildConfiguration;
			buildSettings = {
				ALWAYS_SEARCH_USER_PATHS = NO;
				CLANG_ANALYZER_NONNULL = YES;
				CLANG_ANALYZER_NUMBER_OBJECT_CONVERSION = YES_AGGRESSIVE;
				CLANG_CXX_LANGUAGE_STANDARD = "gnu++20";
				CLANG_ENABLE_MODULES = YES;
				CLANG_ENABLE_OBJC_ARC = YES;
				CLANG_ENABLE_OBJC_WEAK = YES;
				CLANG_WARN_BLOCK_CAPTURE_AUTORELEASING = YES;
				CLANG_WARN_BOOL_CONVERSION = YES;
				CLANG_WARN_COMMA = YES;
				CLANG_WARN_CONSTANT_CONVERSION = YES;
				CLANG_WARN_DEPRECATED_OBJC_IMPLEMENTATIONS = YES;
				CLANG_WARN_DIRECT_OBJC_ISA_USAGE = YES_ERROR;
				CLANG_WARN_DOCUMENTATION_COMMENTS = YES;
				CLANG_WARN_EMPTY_BODY = YES;
				CLANG_WARN_ENUM_CONVERSION = YES;
				CLANG_WARN_INFINITE_RECURSION = YES;
				CLANG_WARN_INT_CONVERSION = YES;
				CLANG_WARN_NON_LITERAL_NULL_CONVERSION = YES;
				CLANG_WARN_OBJC_IMPLICIT_RETAIN_SELF = YES;
				CLANG_WARN_OBJC_LITERAL_CONVERSION = YES;
				CLANG_WARN_OBJC_ROOT_CLASS = YES_ERROR;
				CLANG_WARN_QUOTED_INCLUDE_IN_FRAMEWORK_HEADER = YES;
				CLANG_WARN_RANGE_LOOP_ANALYSIS = YES;
				CLANG_WARN_STRICT_PROTOTYPES = YES;
				CLANG_WARN_SUSPICIOUS_MOVE = YES;
				CLANG_WARN_UNGUARDED_AVAILABILITY = YES_AGGRESSIVE;
				CLANG_WARN_UNREACHABLE_CODE = YES;
				CLANG_WARN__DUPLICATE_METHOD_MATCH = YES;
				COPY_PHASE_STRIP = NO;
				DEBUG_INFORMATION_FORMAT = dwarf;
				ENABLE_STRICT_OBJC_MSGSEND = YES;
				ENABLE_TESTABILITY = YES;
				GCC_C_LANGUAGE_STANDARD = gnu11;
				GCC_DYNAMIC_NO_PIC = NO;
				GCC_NO_COMMON_BLOCKS = YES;
				GCC_OPTIMIZATION_LEVEL = 0;
				GCC_PREPROCESSOR_DEFINITIONS = (
					"DEBUG=1",
					"$(inherited)",
				);
				GCC_WARN_64_TO_32_BIT_CONVERSION = YES;
				GCC_WARN_ABOUT_RETURN_TYPE = YES_ERROR;
				GCC_WARN_UNDECLARED_SELECTOR = YES;
				GCC_WARN_UNINITIALIZED_AUTOS = YES_AGGRESSIVE;
				GCC_WARN_UNUSED_FUNCTION = YES;
				GCC_WARN_UNUSED_VARIABLE = YES;
				IPHONEOS_DEPLOYMENT_TARGET = 16.0;
				MTL_ENABLE_DEBUG_INFO = INCLUDE_SOURCE;
				MTL_FAST_MATH = YES;
				ONLY_ACTIVE_ARCH = YES;
				SDKROOT = iphoneos;
				SWIFT_ACTIVE_COMPILATION_CONDITIONS = DEBUG;
				SWIFT_OPTIMIZATION_LEVEL = "-Onone";
			};
			name = Debug;
		};
		77C18BBD28852FDF00447BAC /* Release */ = {
			isa = XCBuildConfiguration;
			buildSettings = {
				ALWAYS_SEARCH_USER_PATHS = NO;
				CLANG_ANALYZER_NONNULL = YES;
				CLANG_ANALYZER_NUMBER_OBJECT_CONVERSION = YES_AGGRESSIVE;
				CLANG_CXX_LANGUAGE_STANDARD = "gnu++20";
				CLANG_ENABLE_MODULES = YES;
				CLANG_ENABLE_OBJC_ARC = YES;
				CLANG_ENABLE_OBJC_WEAK = YES;
				CLANG_WARN_BLOCK_CAPTURE_AUTORELEASING = YES;
				CLANG_WARN_BOOL_CONVERSION = YES;
				CLANG_WARN_COMMA = YES;
				CLANG_WARN_CONSTANT_CONVERSION = YES;
				CLANG_WARN_DEPRECATED_OBJC_IMPLEMENTATIONS = YES;
				CLANG_WARN_DIRECT_OBJC_ISA_USAGE = YES_ERROR;
				CLANG_WARN_DOCUMENTATION_COMMENTS = YES;
				CLANG_WARN_EMPTY_BODY = YES;
				CLANG_WARN_ENUM_CONVERSION = YES;
				CLANG_WARN_INFINITE_RECURSION = YES;
				CLANG_WARN_INT_CONVERSION = YES;
				CLANG_WARN_NON_LITERAL_NULL_CONVERSION = YES;
				CLANG_WARN_OBJC_IMPLICIT_RETAIN_SELF = YES;
				CLANG_WARN_OBJC_LITERAL_CONVERSION = YES;
				CLANG_WARN_OBJC_ROOT_CLASS = YES_ERROR;
				CLANG_WARN_QUOTED_INCLUDE_IN_FRAMEWORK_HEADER = YES;
				CLANG_WARN_RANGE_LOOP_ANALYSIS = YES;
				CLANG_WARN_STRICT_PROTOTYPES = YES;
				CLANG_WARN_SUSPICIOUS_MOVE = YES;
				CLANG_WARN_UNGUARDED_AVAILABILITY = YES_AGGRESSIVE;
				CLANG_WARN_UNREACHABLE_CODE = YES;
				CLANG_WARN__DUPLICATE_METHOD_MATCH = YES;
				COPY_PHASE_STRIP = NO;
				DEBUG_INFORMATION_FORMAT = "dwarf-with-dsym";
				ENABLE_NS_ASSERTIONS = NO;
				ENABLE_STRICT_OBJC_MSGSEND = YES;
				GCC_C_LANGUAGE_STANDARD = gnu11;
				GCC_NO_COMMON_BLOCKS = YES;
				GCC_WARN_64_TO_32_BIT_CONVERSION = YES;
				GCC_WARN_ABOUT_RETURN_TYPE = YES_ERROR;
				GCC_WARN_UNDECLARED_SELECTOR = YES;
				GCC_WARN_UNINITIALIZED_AUTOS = YES_AGGRESSIVE;
				GCC_WARN_UNUSED_FUNCTION = YES;
				GCC_WARN_UNUSED_VARIABLE = YES;
				IPHONEOS_DEPLOYMENT_TARGET = 16.0;
				MTL_ENABLE_DEBUG_INFO = NO;
				MTL_FAST_MATH = YES;
				SDKROOT = iphoneos;
				SWIFT_COMPILATION_MODE = wholemodule;
				SWIFT_OPTIMIZATION_LEVEL = "-O";
				VALIDATE_PRODUCT = YES;
			};
			name = Release;
		};
		77C18BBF28852FDF00447BAC /* Debug */ = {
			isa = XCBuildConfiguration;
			buildSettings = {
				ASSETCATALOG_COMPILER_APPICON_NAME = AppIcon;
				ASSETCATALOG_COMPILER_GLOBAL_ACCENT_COLOR_NAME = AccentColor;
				CODE_SIGN_STYLE = Automatic;
				CURRENT_PROJECT_VERSION = 1;
				DEVELOPMENT_ASSET_PATHS = "\"firstapp/Preview Content\"";
				ENABLE_PREVIEWS = YES;
				GENERATE_INFOPLIST_FILE = YES;
				INFOPLIST_KEY_UIApplicationSceneManifest_Generation = YES;
				INFOPLIST_KEY_UIApplicationSupportsIndirectInputEvents = YES;
				INFOPLIST_KEY_UILaunchScreen_Generation = YES;
				INFOPLIST_KEY_UISupportedInterfaceOrientations_iPad = "UIInterfaceOrientationPortrait UIInterfaceOrientationPortraitUpsideDown UIInterfaceOrientationLandscapeLeft UIInterfaceOrientationLandscapeRight";
				INFOPLIST_KEY_UISupportedInterfaceOrientations_iPhone = "UIInterfaceOrientationPortrait UIInterfaceOrientationLandscapeLeft UIInterfaceOrientationLandscapeRight";
				LD_RUNPATH_SEARCH_PATHS = (
					"$(inherited)",
					"@executable_path/Frameworks",
				);
				MARKETING_VERSION = 1.0;
				PRODUCT_BUNDLE_IDENTIFIER = com.Hassy.firstapp;
				PRODUCT_NAME = "$(TARGET_NAME)";
				SWIFT_EMIT_LOC_STRINGS = YES;
				SWIFT_VERSION = 5.0;
				TARGETED_DEVICE_FAMILY = "1,2";
			};
			name = Debug;
		};
		77C18BC028852FDF00447BAC /* Release */ = {
			isa = XCBuildConfiguration;
			buildSettings = {
				ASSETCATALOG_COMPILER_APPICON_NAME = AppIcon;
				ASSETCATALOG_COMPILER_GLOBAL_ACCENT_COLOR_NAME = AccentColor;
				CODE_SIGN_STYLE = Automatic;
				CURRENT_PROJECT_VERSION = 1;
				DEVELOPMENT_ASSET_PATHS = "\"firstapp/Preview Content\"";
				ENABLE_PREVIEWS = YES;
				GENERATE_INFOPLIST_FILE = YES;
				INFOPLIST_KEY_UIApplicationSceneManifest_Generation = YES;
				INFOPLIST_KEY_UIApplicationSupportsIndirectInputEvents = YES;
				INFOPLIST_KEY_UILaunchScreen_Generation = YES;
				INFOPLIST_KEY_UISupportedInterfaceOrientations_iPad = "UIInterfaceOrientationPortrait UIInterfaceOrientationPortraitUpsideDown UIInterfaceOrientationLandscapeLeft UIInterfaceOrientationLandscapeRight";
				INFOPLIST_KEY_UISupportedInterfaceOrientations_iPhone = "UIInterfaceOrientationPortrait UIInterfaceOrientationLandscapeLeft UIInterfaceOrientationLandscapeRight";
				LD_RUNPATH_SEARCH_PATHS = (
					"$(inherited)",
					"@executable_path/Frameworks",
				);
				MARKETING_VERSION = 1.0;
				PRODUCT_BUNDLE_IDENTIFIER = com.Hassy.firstapp;
				PRODUCT_NAME = "$(TARGET_NAME)";
				SWIFT_EMIT_LOC_STRINGS = YES;
				SWIFT_VERSION = 5.0;
				TARGETED_DEVICE_FAMILY = "1,2";
			};
			name = Release;
		};
/* End XCBuildConfiguration section */

/* Begin XCConfigurationList section */
		77C18BAB28852FDA00447BAC /* Build configuration list for PBXProject "firstapp" */ = {
			isa = XCConfigurationList;
			buildConfigurations = (
				77C18BBC28852FDF00447BAC /* Debug */,
				77C18BBD28852FDF00447BAC /* Release */,
			);
			defaultConfigurationIsVisible = 0;
			defaultConfigurationName = Release;
		};
		77C18BBE28852FDF00447BAC /* Build configuration list for PBXNativeTarget "firstapp" */ = {
			isa = XCConfigurationList;
			buildConfigurations = (
				77C18BBF28852FDF00447BAC /* Debug */,
				77C18BC028852FDF00447BAC /* Release */,
			);
			defaultConfigurationIsVisible = 0;
			defaultConfigurationName = Release;
		};
/* End XCConfigurationList section */
	};
	rootObject = 77C18BA828852FDA00447BAC /* Project object */;
}
